PODS:
  - Bolts (1.8.4):
    - Bolts/AppLinks (= 1.8.4)
    - Bolts/Tasks (= 1.8.4)
  - Bolts/AppLinks (1.8.4):
    - Bolts/Tasks
  - Bolts/Tasks (1.8.4)
  - FBSDKCoreKit (4.14.0):
    - Bolts (~> 1.7)
  - FBSDKLoginKit (4.14.0):
    - FBSDKCoreKit
  - FBSDKShareKit (4.14.0):
    - FBSDKCoreKit
  - VK-ios-sdk (1.4.2)

DEPENDENCIES:
  - FBSDKCoreKit (= 4.14.0)
  - FBSDKLoginKit (= 4.14.0)
  - FBSDKShareKit (= 4.14.0)
  - VK-ios-sdk (= 1.4.2)

SPEC CHECKSUMS:
  Bolts: 8a7995239dbe724f9cba2248b766d48b7ebdd322
  FBSDKCoreKit: 6e020b5db0b5bd1e01f5fb0902131befd129a502
  FBSDKLoginKit: da563567a108050ef83739c8c8c001ee9e25fa13
  FBSDKShareKit: e8e5d4ccef69b41132fe33acda26db1e33143e33
  VK-ios-sdk: ac7150f279fdce24f16f5e6f9561e547be33ebf8

PODFILE CHECKSUM: 52ecd80c304f38a8b84e20c1649e757834378934

COCOAPODS: 1.0.1
